
Microsoft Visual Studio Solution File, Format Version 12.00
# Visual Studio Version 17
VisualStudioVersion = 17.13.35919.96 d17.13
MinimumVisualStudioVersion = 10.0.40219.1
Project("{FAE04EC0-301F-11D3-BF4B-00C04F79EFBC}") = "CompanyEmployees", "CompanyEmployees.csproj", "{AE90B3D6-F49F-4750-9CDE-30ECE15B737F}"
EndProject
Project("{FAE04EC0-301F-11D3-BF4B-00C04F79EFBC}") = "Contracts", "..\..\..\Desktop\CompanyEmployees-lab1\Contracts\Contracts.csproj", "{91B65439-24A3-6F74-6E71-482F281136E7}"
EndProject
Project("{FAE04EC0-301F-11D3-BF4B-00C04F79EFBC}") = "LoggerService", "..\..\..\Desktop\CompanyEmployees-lab1\LoggerService\LoggerService.csproj", "{77A465B5-031C-93F0-36F4-0228D4BF981D}"
EndProject
Global
	GlobalSection(SolutionConfigurationPlatforms) = preSolution
		Debug|Any CPU = Debug|Any CPU
		Release|Any CPU = Release|Any CPU
	EndGlobalSection
	GlobalSection(ProjectConfigurationPlatforms) = postSolution
		{AE90B3D6-F49F-4750-9CDE-30ECE15B737F}.Debug|Any CPU.ActiveCfg = Debug|Any CPU
		{AE90B3D6-F49F-4750-9CDE-30ECE15B737F}.Debug|Any CPU.Build.0 = Debug|Any CPU
		{AE90B3D6-F49F-4750-9CDE-30ECE15B737F}.Release|Any CPU.ActiveCfg = Release|Any CPU
		{AE90B3D6-F49F-4750-9CDE-30ECE15B737F}.Release|Any CPU.Build.0 = Release|Any CPU
		{91B65439-24A3-6F74-6E71-482F281136E7}.Debug|Any CPU.ActiveCfg = Debug|Any CPU
		{91B65439-24A3-6F74-6E71-482F281136E7}.Debug|Any CPU.Build.0 = Debug|Any CPU
		{91B65439-24A3-6F74-6E71-482F281136E7}.Release|Any CPU.ActiveCfg = Release|Any CPU
		{91B65439-24A3-6F74-6E71-482F281136E7}.Release|Any CPU.Build.0 = Release|Any CPU
		{77A465B5-031C-93F0-36F4-0228D4BF981D}.Debug|Any CPU.ActiveCfg = Debug|Any CPU
		{77A465B5-031C-93F0-36F4-0228D4BF981D}.Debug|Any CPU.Build.0 = Debug|Any CPU
		{77A465B5-031C-93F0-36F4-0228D4BF981D}.Release|Any CPU.ActiveCfg = Release|Any CPU
		{77A465B5-031C-93F0-36F4-0228D4BF981D}.Release|Any CPU.Build.0 = Release|Any CPU
	EndGlobalSection
	GlobalSection(SolutionProperties) = preSolution
		HideSolutionNode = FALSE
	EndGlobalSection
	GlobalSection(ExtensibilityGlobals) = postSolution
		SolutionGuid = {4F5384FD-1F53-4A2C-9008-D702F9AD745B}
	EndGlobalSection
EndGlobal
